{
  "name": "build-algorithms-using-typescript",
  "version": "1.0.0",
  "lockfileVersion": 1,
  "requires": true,
  "dependencies": {
    "core-js": {
      "version": "2.5.3",
      "resolved": "https://registry.npmjs.org/core-js/-/core-js-2.5.3.tgz",
      "integrity": "sha1-isw4NFgk8W2DZbfJtCWRaOjtYD4="
    },
    "typescript": {
      "version": "2.7.0-dev.20180123",
      "resolved": "https://registry.npmjs.org/typescript/-/typescript-2.7.0-dev.20180123.tgz",
      "integrity": "sha512-zRAc41t9pcm1V05ezznaFuTioIesP4X6meu2ku3HInkLbmFFrxWdk4vsctJlqHXBOK1MWk3PVF4Nq4vepHLozA=="
    }
  }
}
